// !$*UTF8*$!
{
	archiveVersion = 1;
	classes = {
	};
	objectVersion = 56;
	objects = {

/* Begin PBXBuildFile section */
		9775E4B42AE6C37D0004A5BB /* e_commerce_app_ios17App.swift in Sources */ = {isa = PBXBuildFile; fileRef = 9775E4B32AE6C37D0004A5BB /* e_commerce_app_ios17App.swift */; };
		9775E4B62AE6C37D0004A5BB /* ContentView.swift in Sources */ = {isa = PBXBuildFile; fileRef = 9775E4B52AE6C37D0004A5BB /* ContentView.swift */; };
		9775E4B82AE6C37D0004A5BB /* Item.swift in Sources */ = {isa = PBXBuildFile; fileRef = 9775E4B72AE6C37D0004A5BB /* Item.swift */; };
		9775E4BA2AE6C37F0004A5BB /* Assets.xcassets in Resources */ = {isa = PBXBuildFile; fileRef = 9775E4B92AE6C37F0004A5BB /* Assets.xcassets */; };
		9775E4BD2AE6C37F0004A5BB /* Preview Assets.xcassets in Resources */ = {isa = PBXBuildFile; fileRef = 9775E4BC2AE6C37F0004A5BB /* Preview Assets.xcassets */; };
		9775E4CA2AE6C75B0004A5BB /* ButtonText.swift in Sources */ = {isa = PBXBuildFile; fileRef = 9775E4C92AE6C75B0004A5BB /* ButtonText.swift */; };
		9775E4CD2AE6C7850004A5BB /* Spacing.swift in Sources */ = {isa = PBXBuildFile; fileRef = 9775E4CC2AE6C7850004A5BB /* Spacing.swift */; };
		9775E4CF2AE6C78E0004A5BB /* Radius.swift in Sources */ = {isa = PBXBuildFile; fileRef = 9775E4CE2AE6C78E0004A5BB /* Radius.swift */; };
		9775E4D12AE6C9EF0004A5BB /* ButtonSymbol.swift in Sources */ = {isa = PBXBuildFile; fileRef = 9775E4D02AE6C9EF0004A5BB /* ButtonSymbol.swift */; };
		9775E4D32AE6CAB20004A5BB /* ButtonImage.swift in Sources */ = {isa = PBXBuildFile; fileRef = 9775E4D22AE6CAB20004A5BB /* ButtonImage.swift */; };
/* End PBXBuildFile section */

/* Begin PBXFileReference section */
		9775E4B02AE6C37D0004A5BB /* e-commerce-app-ios17.app */ = {isa = PBXFileReference; explicitFileType = wrapper.application; includeInIndex = 0; path = "e-commerce-app-ios17.app"; sourceTree = BUILT_PRODUCTS_DIR; };
		9775E4B32AE6C37D0004A5BB /* e_commerce_app_ios17App.swift */ = {isa = PBXFileReference; lastKnownFileType = sourcecode.swift; path = e_commerce_app_ios17App.swift; sourceTree = "<group>"; };
		9775E4B52AE6C37D0004A5BB /* ContentView.swift */ = {isa = PBXFileReference; lastKnownFileType = sourcecode.swift; path = ContentView.swift; sourceTree = "<group>"; };
		9775E4B72AE6C37D0004A5BB /* Item.swift */ = {isa = PBXFileReference; lastKnownFileType = sourcecode.swift; path = Item.swift; sourceTree = "<group>"; };
		9775E4B92AE6C37F0004A5BB /* Assets.xcassets */ = {isa = PBXFileReference; lastKnownFileType = folder.assetcatalog; path = Assets.xcassets; sourceTree = "<group>"; };
		9775E4BC2AE6C37F0004A5BB /* Preview Assets.xcassets */ = {isa = PBXFileReference; lastKnownFileType = folder.assetcatalog; path = "Preview Assets.xcassets"; sourceTree = "<group>"; };
		9775E4C92AE6C75B0004A5BB /* ButtonText.swift */ = {isa = PBXFileReference; lastKnownFileType = sourcecode.swift; path = ButtonText.swift; sourceTree = "<group>"; };
		9775E4CC2AE6C7850004A5BB /* Spacing.swift */ = {isa = PBXFileReference; lastKnownFileType = sourcecode.swift; path = Spacing.swift; sourceTree = "<group>"; };
		9775E4CE2AE6C78E0004A5BB /* Radius.swift */ = {isa = PBXFileReference; lastKnownFileType = sourcecode.swift; path = Radius.swift; sourceTree = "<group>"; };
		9775E4D02AE6C9EF0004A5BB /* ButtonSymbol.swift */ = {isa = PBXFileReference; lastKnownFileType = sourcecode.swift; path = ButtonSymbol.swift; sourceTree = "<group>"; };
		9775E4D22AE6CAB20004A5BB /* ButtonImage.swift */ = {isa = PBXFileReference; lastKnownFileType = sourcecode.swift; path = ButtonImage.swift; sourceTree = "<group>"; };
/* End PBXFileReference section */

/* Begin PBXFrameworksBuildPhase section */
		9775E4AD2AE6C37D0004A5BB /* Frameworks */ = {
			isa = PBXFrameworksBuildPhase;
			buildActionMask = 2147483647;
			files = (
			);
			runOnlyForDeploymentPostprocessing = 0;
		};
/* End PBXFrameworksBuildPhase section */

/* Begin PBXGroup section */
		9775E4A72AE6C37D0004A5BB = {
			isa = PBXGroup;
			children = (
				9775E4B22AE6C37D0004A5BB /* e-commerce-app-ios17 */,
				9775E4B12AE6C37D0004A5BB /* Products */,
			);
			sourceTree = "<group>";
		};
		9775E4B12AE6C37D0004A5BB /* Products */ = {
			isa = PBXGroup;
			children = (
				9775E4B02AE6C37D0004A5BB /* e-commerce-app-ios17.app */,
			);
			name = Products;
			sourceTree = "<group>";
		};
		9775E4B22AE6C37D0004A5BB /* e-commerce-app-ios17 */ = {
			isa = PBXGroup;
			children = (
				9775E4C82AE6C74B0004A5BB /* DesignSystem */,
				9775E4C72AE6C7450004A5BB /* Models */,
				9775E4C62AE6C7400004A5BB /* Views */,
				9775E4C52AE6C7390004A5BB /* ViewModels */,
				9775E4B32AE6C37D0004A5BB /* e_commerce_app_ios17App.swift */,
				9775E4B52AE6C37D0004A5BB /* ContentView.swift */,
				9775E4B72AE6C37D0004A5BB /* Item.swift */,
				9775E4B92AE6C37F0004A5BB /* Assets.xcassets */,
				9775E4BB2AE6C37F0004A5BB /* Preview Content */,
			);
			path = "e-commerce-app-ios17";
			sourceTree = "<group>";
		};
		9775E4BB2AE6C37F0004A5BB /* Preview Content */ = {
			isa = PBXGroup;
			children = (
				9775E4BC2AE6C37F0004A5BB /* Preview Assets.xcassets */,
			);
			path = "Preview Content";
			sourceTree = "<group>";
		};
		9775E4C52AE6C7390004A5BB /* ViewModels */ = {
			isa = PBXGroup;
			children = (
			);
			path = ViewModels;
			sourceTree = "<group>";
		};
		9775E4C62AE6C7400004A5BB /* Views */ = {
			isa = PBXGroup;
			children = (
			);
			path = Views;
			sourceTree = "<group>";
		};
		9775E4C72AE6C7450004A5BB /* Models */ = {
			isa = PBXGroup;
			children = (
			);
			path = Models;
			sourceTree = "<group>";
		};
		9775E4C82AE6C74B0004A5BB /* DesignSystem */ = {
			isa = PBXGroup;
			children = (
				9775E4CB2AE6C75F0004A5BB /* Buttons */,
				9775E4CC2AE6C7850004A5BB /* Spacing.swift */,
				9775E4CE2AE6C78E0004A5BB /* Radius.swift */,
			);
			path = DesignSystem;
			sourceTree = "<group>";
		};
		9775E4CB2AE6C75F0004A5BB /* Buttons */ = {
			isa = PBXGroup;
			children = (
				9775E4C92AE6C75B0004A5BB /* ButtonText.swift */,
				9775E4D02AE6C9EF0004A5BB /* ButtonSymbol.swift */,
				9775E4D22AE6CAB20004A5BB /* ButtonImage.swift */,
			);
			path = Buttons;
			sourceTree = "<group>";
		};
/* End PBXGroup section */

/* Begin PBXNativeTarget section */
		9775E4AF2AE6C37D0004A5BB /* e-commerce-app-ios17 */ = {
			isa = PBXNativeTarget;
			buildConfigurationList = 9775E4C02AE6C37F0004A5BB /* Build configuration list for PBXNativeTarget "e-commerce-app-ios17" */;
			buildPhases = (
				9775E4AC2AE6C37D0004A5BB /* Sources */,
				9775E4AD2AE6C37D0004A5BB /* Frameworks */,
				9775E4AE2AE6C37D0004A5BB /* Resources */,
			);
			buildRules = (
			);
			dependencies = (
			);
			name = "e-commerce-app-ios17";
			productName = "e-commerce-app-ios17";
			productReference = 9775E4B02AE6C37D0004A5BB /* e-commerce-app-ios17.app */;
			productType = "com.apple.product-type.application";
		};
/* End PBXNativeTarget section */

/* Begin PBXProject section */
		9775E4A82AE6C37D0004A5BB /* Project object */ = {
			isa = PBXProject;
			attributes = {
				BuildIndependentTargetsInParallel = 1;
				LastSwiftUpdateCheck = 1500;
				LastUpgradeCheck = 1500;
				TargetAttributes = {
					9775E4AF2AE6C37D0004A5BB = {
						CreatedOnToolsVersion = 15.0;
					};
				};
			};
			buildConfigurationList = 9775E4AB2AE6C37D0004A5BB /* Build configuration list for PBXProject "e-commerce-app-ios17" */;
			compatibilityVersion = "Xcode 14.0";
			developmentRegion = en;
			hasScannedForEncodings = 0;
			knownRegions = (
				en,
				Base,
			);
			mainGroup = 9775E4A72AE6C37D0004A5BB;
			productRefGroup = 9775E4B12AE6C37D0004A5BB /* Products */;
			projectDirPath = "";
			projectRoot = "";
			targets = (
				9775E4AF2AE6C37D0004A5BB /* e-commerce-app-ios17 */,
			);
		};
/* End PBXProject section */

/* Begin PBXResourcesBuildPhase section */
		9775E4AE2AE6C37D0004A5BB /* Resources */ = {
			isa = PBXResourcesBuildPhase;
			buildActionMask = 2147483647;
			files = (
				9775E4BD2AE6C37F0004A5BB /* Preview Assets.xcassets in Resources */,
				9775E4BA2AE6C37F0004A5BB /* Assets.xcassets in Resources */,
			);
			runOnlyForDeploymentPostprocessing = 0;
		};
/* End PBXResourcesBuildPhase section */

/* Begin PBXSourcesBuildPhase section */
		9775E4AC2AE6C37D0004A5BB /* Sources */ = {
			isa = PBXSourcesBuildPhase;
			buildActionMask = 2147483647;
			files = (
				9775E4D12AE6C9EF0004A5BB /* ButtonSymbol.swift in Sources */,
				9775E4CA2AE6C75B0004A5BB /* ButtonText.swift in Sources */,
				9775E4B62AE6C37D0004A5BB /* ContentView.swift in Sources */,
				9775E4D32AE6CAB20004A5BB /* ButtonImage.swift in Sources */,
				9775E4CD2AE6C7850004A5BB /* Spacing.swift in Sources */,
				9775E4B82AE6C37D0004A5BB /* Item.swift in Sources */,
				9775E4B42AE6C37D0004A5BB /* e_commerce_app_ios17App.swift in Sources */,
				9775E4CF2AE6C78E0004A5BB /* Radius.swift in Sources */,
			);
			runOnlyForDeploymentPostprocessing = 0;
		};
/* End PBXSourcesBuildPhase section */

/* Begin XCBuildConfiguration section */
		9775E4BE2AE6C37F0004A5BB /* Debug */ = {
			isa = XCBuildConfiguration;
			buildSettings = {
				ALWAYS_SEARCH_USER_PATHS = NO;
				ASSETCATALOG_COMPILER_GENERATE_SWIFT_ASSET_SYMBOL_EXTENSIONS = YES;
				CLANG_ANALYZER_NONNULL = YES;
				CLANG_ANALYZER_NUMBER_OBJECT_CONVERSION = YES_AGGRESSIVE;
				CLANG_CXX_LANGUAGE_STANDARD = "gnu++20";
				CLANG_ENABLE_MODULES = YES;
				CLANG_ENABLE_OBJC_ARC = YES;
				CLANG_ENABLE_OBJC_WEAK = YES;
				CLANG_WARN_BLOCK_CAPTURE_AUTORELEASING = YES;
				CLANG_WARN_BOOL_CONVERSION = YES;
				CLANG_WARN_COMMA = YES;
				CLANG_WARN_CONSTANT_CONVERSION = YES;
				CLANG_WARN_DEPRECATED_OBJC_IMPLEMENTATIONS = YES;
				CLANG_WARN_DIRECT_OBJC_ISA_USAGE = YES_ERROR;
				CLANG_WARN_DOCUMENTATION_COMMENTS = YES;
				CLANG_WARN_EMPTY_BODY = YES;
				CLANG_WARN_ENUM_CONVERSION = YES;
				CLANG_WARN_INFINITE_RECURSION = YES;
				CLANG_WARN_INT_CONVERSION = YES;
				CLANG_WARN_NON_LITERAL_NULL_CONVERSION = YES;
				CLANG_WARN_OBJC_IMPLICIT_RETAIN_SELF = YES;
				CLANG_WARN_OBJC_LITERAL_CONVERSION = YES;
				CLANG_WARN_OBJC_ROOT_CLASS = YES_ERROR;
				CLANG_WARN_QUOTED_INCLUDE_IN_FRAMEWORK_HEADER = YES;
				CLANG_WARN_RANGE_LOOP_ANALYSIS = YES;
				CLANG_WARN_STRICT_PROTOTYPES = YES;
				CLANG_WARN_SUSPICIOUS_MOVE = YES;
				CLANG_WARN_UNGUARDED_AVAILABILITY = YES_AGGRESSIVE;
				CLANG_WARN_UNREACHABLE_CODE = YES;
				CLANG_WARN__DUPLICATE_METHOD_MATCH = YES;
				COPY_PHASE_STRIP = NO;
				DEBUG_INFORMATION_FORMAT = dwarf;
				ENABLE_STRICT_OBJC_MSGSEND = YES;
				ENABLE_TESTABILITY = YES;
				ENABLE_USER_SCRIPT_SANDBOXING = YES;
				GCC_C_LANGUAGE_STANDARD = gnu17;
				GCC_DYNAMIC_NO_PIC = NO;
				GCC_NO_COMMON_BLOCKS = YES;
				GCC_OPTIMIZATION_LEVEL = 0;
				GCC_PREPROCESSOR_DEFINITIONS = (
					"DEBUG=1",
					"$(inherited)",
				);
				GCC_WARN_64_TO_32_BIT_CONVERSION = YES;
				GCC_WARN_ABOUT_RETURN_TYPE = YES_ERROR;
				GCC_WARN_UNDECLARED_SELECTOR = YES;
				GCC_WARN_UNINITIALIZED_AUTOS = YES_AGGRESSIVE;
				GCC_WARN_UNUSED_FUNCTION = YES;
				GCC_WARN_UNUSED_VARIABLE = YES;
				IPHONEOS_DEPLOYMENT_TARGET = 17.0;
				LOCALIZATION_PREFERS_STRING_CATALOGS = YES;
				MTL_ENABLE_DEBUG_INFO = INCLUDE_SOURCE;
				MTL_FAST_MATH = YES;
				ONLY_ACTIVE_ARCH = YES;
				SDKROOT = iphoneos;
				SWIFT_ACTIVE_COMPILATION_CONDITIONS = "DEBUG $(inherited)";
				SWIFT_OPTIMIZATION_LEVEL = "-Onone";
			};
			name = Debug;
		};
		9775E4BF2AE6C37F0004A5BB /* Release */ = {
			isa = XCBuildConfiguration;
			buildSettings = {
				ALWAYS_SEARCH_USER_PATHS = NO;
				ASSETCATALOG_COMPILER_GENERATE_SWIFT_ASSET_SYMBOL_EXTENSIONS = YES;
				CLANG_ANALYZER_NONNULL = YES;
				CLANG_ANALYZER_NUMBER_OBJECT_CONVERSION = YES_AGGRESSIVE;
				CLANG_CXX_LANGUAGE_STANDARD = "gnu++20";
				CLANG_ENABLE_MODULES = YES;
				CLANG_ENABLE_OBJC_ARC = YES;
				CLANG_ENABLE_OBJC_WEAK = YES;
				CLANG_WARN_BLOCK_CAPTURE_AUTORELEASING = YES;
				CLANG_WARN_BOOL_CONVERSION = YES;
				CLANG_WARN_COMMA = YES;
				CLANG_WARN_CONSTANT_CONVERSION = YES;
				CLANG_WARN_DEPRECATED_OBJC_IMPLEMENTATIONS = YES;
				CLANG_WARN_DIRECT_OBJC_ISA_USAGE = YES_ERROR;
				CLANG_WARN_DOCUMENTATION_COMMENTS = YES;
				CLANG_WARN_EMPTY_BODY = YES;
				CLANG_WARN_ENUM_CONVERSION = YES;
				CLANG_WARN_INFINITE_RECURSION = YES;
				CLANG_WARN_INT_CONVERSION = YES;
				CLANG_WARN_NON_LITERAL_NULL_CONVERSION = YES;
				CLANG_WARN_OBJC_IMPLICIT_RETAIN_SELF = YES;
				CLANG_WARN_OBJC_LITERAL_CONVERSION = YES;
				CLANG_WARN_OBJC_ROOT_CLASS = YES_ERROR;
				CLANG_WARN_QUOTED_INCLUDE_IN_FRAMEWORK_HEADER = YES;
				CLANG_WARN_RANGE_LOOP_ANALYSIS = YES;
				CLANG_WARN_STRICT_PROTOTYPES = YES;
				CLANG_WARN_SUSPICIOUS_MOVE = YES;
				CLANG_WARN_UNGUARDED_AVAILABILITY = YES_AGGRESSIVE;
				CLANG_WARN_UNREACHABLE_CODE = YES;
				CLANG_WARN__DUPLICATE_METHOD_MATCH = YES;
				COPY_PHASE_STRIP = NO;
				DEBUG_INFORMATION_FORMAT = "dwarf-with-dsym";
				ENABLE_NS_ASSERTIONS = NO;
				ENABLE_STRICT_OBJC_MSGSEND = YES;
				ENABLE_USER_SCRIPT_SANDBOXING = YES;
				GCC_C_LANGUAGE_STANDARD = gnu17;
				GCC_NO_COMMON_BLOCKS = YES;
				GCC_WARN_64_TO_32_BIT_CONVERSION = YES;
				GCC_WARN_ABOUT_RETURN_TYPE = YES_ERROR;
				GCC_WARN_UNDECLARED_SELECTOR = YES;
				GCC_WARN_UNINITIALIZED_AUTOS = YES_AGGRESSIVE;
				GCC_WARN_UNUSED_FUNCTION = YES;
				GCC_WARN_UNUSED_VARIABLE = YES;
				IPHONEOS_DEPLOYMENT_TARGET = 17.0;
				LOCALIZATION_PREFERS_STRING_CATALOGS = YES;
				MTL_ENABLE_DEBUG_INFO = NO;
				MTL_FAST_MATH = YES;
				SDKROOT = iphoneos;
				SWIFT_COMPILATION_MODE = wholemodule;
				VALIDATE_PRODUCT = YES;
			};
			name = Release;
		};
		9775E4C12AE6C37F0004A5BB /* Debug */ = {
			isa = XCBuildConfiguration;
			buildSettings = {
				ASSETCATALOG_COMPILER_APPICON_NAME = AppIcon;
				ASSETCATALOG_COMPILER_GLOBAL_ACCENT_COLOR_NAME = AccentColor;
				CODE_SIGN_STYLE = Automatic;
				CURRENT_PROJECT_VERSION = 1;
				DEVELOPMENT_ASSET_PATHS = "\"e-commerce-app-ios17/Preview Content\"";
				DEVELOPMENT_TEAM = 2U8T5Z4P56;
				ENABLE_PREVIEWS = YES;
				GENERATE_INFOPLIST_FILE = YES;
				INFOPLIST_KEY_UIApplicationSceneManifest_Generation = YES;
				INFOPLIST_KEY_UIApplicationSupportsIndirectInputEvents = YES;
				INFOPLIST_KEY_UILaunchScreen_Generation = YES;
				INFOPLIST_KEY_UISupportedInterfaceOrientations_iPad = "UIInterfaceOrientationPortrait UIInterfaceOrientationPortraitUpsideDown UIInterfaceOrientationLandscapeLeft UIInterfaceOrientationLandscapeRight";
				INFOPLIST_KEY_UISupportedInterfaceOrientations_iPhone = "UIInterfaceOrientationPortrait UIInterfaceOrientationLandscapeLeft UIInterfaceOrientationLandscapeRight";
				LD_RUNPATH_SEARCH_PATHS = (
					"$(inherited)",
					"@executable_path/Frameworks",
				);
				MARKETING_VERSION = 1.0;
				PRODUCT_BUNDLE_IDENTIFIER = "com.befe.e-commerce-app-ios17";
				PRODUCT_NAME = "$(TARGET_NAME)";
				SWIFT_EMIT_LOC_STRINGS = YES;
				SWIFT_VERSION = 5.0;
				TARGETED_DEVICE_FAMILY = "1,2";
			};
			name = Debug;
		};
		9775E4C22AE6C37F0004A5BB /* Release */ = {
			isa = XCBuildConfiguration;
			buildSettings = {
				ASSETCATALOG_COMPILER_APPICON_NAME = AppIcon;
				ASSETCATALOG_COMPILER_GLOBAL_ACCENT_COLOR_NAME = AccentColor;
				CODE_SIGN_STYLE = Automatic;
				CURRENT_PROJECT_VERSION = 1;
				DEVELOPMENT_ASSET_PATHS = "\"e-commerce-app-ios17/Preview Content\"";
				DEVELOPMENT_TEAM = 2U8T5Z4P56;
				ENABLE_PREVIEWS = YES;
				GENERATE_INFOPLIST_FILE = YES;
				INFOPLIST_KEY_UIApplicationSceneManifest_Generation = YES;
				INFOPLIST_KEY_UIApplicationSupportsIndirectInputEvents = YES;
				INFOPLIST_KEY_UILaunchScreen_Generation = YES;
				INFOPLIST_KEY_UISupportedInterfaceOrientations_iPad = "UIInterfaceOrientationPortrait UIInterfaceOrientationPortraitUpsideDown UIInterfaceOrientationLandscapeLeft UIInterfaceOrientationLandscapeRight";
				INFOPLIST_KEY_UISupportedInterfaceOrientations_iPhone = "UIInterfaceOrientationPortrait UIInterfaceOrientationLandscapeLeft UIInterfaceOrientationLandscapeRight";
				LD_RUNPATH_SEARCH_PATHS = (
					"$(inherited)",
					"@executable_path/Frameworks",
				);
				MARKETING_VERSION = 1.0;
				PRODUCT_BUNDLE_IDENTIFIER = "com.befe.e-commerce-app-ios17";
				PRODUCT_NAME = "$(TARGET_NAME)";
				SWIFT_EMIT_LOC_STRINGS = YES;
				SWIFT_VERSION = 5.0;
				TARGETED_DEVICE_FAMILY = "1,2";
			};
			name = Release;
		};
/* End XCBuildConfiguration section */

/* Begin XCConfigurationList section */
		9775E4AB2AE6C37D0004A5BB /* Build configuration list for PBXProject "e-commerce-app-ios17" */ = {
			isa = XCConfigurationList;
			buildConfigurations = (
				9775E4BE2AE6C37F0004A5BB /* Debug */,
				9775E4BF2AE6C37F0004A5BB /* Release */,
			);
			defaultConfigurationIsVisible = 0;
			defaultConfigurationName = Release;
		};
		9775E4C02AE6C37F0004A5BB /* Build configuration list for PBXNativeTarget "e-commerce-app-ios17" */ = {
			isa = XCConfigurationList;
			buildConfigurations = (
				9775E4C12AE6C37F0004A5BB /* Debug */,
				9775E4C22AE6C37F0004A5BB /* Release */,
			);
			defaultConfigurationIsVisible = 0;
			defaultConfigurationName = Release;
		};
/* End XCConfigurationList section */
	};
	rootObject = 9775E4A82AE6C37D0004A5BB /* Project object */;
}
